
Microsoft Visual Studio Solution File, Format Version 12.00
# Visual Studio 15
VisualStudioVersion = 15.0.28307.572
MinimumVisualStudioVersion = 10.0.40219.1
Project("{FAE04EC0-301F-11D3-BF4B-00C04F79EFBC}") = "GtlWebClient", "GtlWebClient.csproj", "{9FE91868-3FA9-4565-90B1-549568ACC585}"
EndProject
Project("{FAE04EC0-301F-11D3-BF4B-00C04F79EFBC}") = "GtlService", "..\GtlService\GtlService.csproj", "{F8E822B2-054B-47E2-84B8-7C44F3A72741}"
EndProject
Project("{FAE04EC0-301F-11D3-BF4B-00C04F79EFBC}") = "Tests", "..\Tests\Tests.csproj", "{91FC5AAE-754C-4D38-AE63-5204C75E5B0A}"
EndProject
Global
	GlobalSection(SolutionConfigurationPlatforms) = preSolution
		Debug|Any CPU = Debug|Any CPU
		Release|Any CPU = Release|Any CPU
	EndGlobalSection
	GlobalSection(ProjectConfigurationPlatforms) = postSolution
		{9FE91868-3FA9-4565-90B1-549568ACC585}.Debug|Any CPU.ActiveCfg = Debug|Any CPU
		{9FE91868-3FA9-4565-90B1-549568ACC585}.Debug|Any CPU.Build.0 = Debug|Any CPU
		{9FE91868-3FA9-4565-90B1-549568ACC585}.Release|Any CPU.ActiveCfg = Release|Any CPU
		{9FE91868-3FA9-4565-90B1-549568ACC585}.Release|Any CPU.Build.0 = Release|Any CPU
		{F8E822B2-054B-47E2-84B8-7C44F3A72741}.Debug|Any CPU.ActiveCfg = Debug|Any CPU
		{F8E822B2-054B-47E2-84B8-7C44F3A72741}.Debug|Any CPU.Build.0 = Debug|Any CPU
		{F8E822B2-054B-47E2-84B8-7C44F3A72741}.Release|Any CPU.ActiveCfg = Release|Any CPU
		{F8E822B2-054B-47E2-84B8-7C44F3A72741}.Release|Any CPU.Build.0 = Release|Any CPU
		{91FC5AAE-754C-4D38-AE63-5204C75E5B0A}.Debug|Any CPU.ActiveCfg = Debug|Any CPU
		{91FC5AAE-754C-4D38-AE63-5204C75E5B0A}.Debug|Any CPU.Build.0 = Debug|Any CPU
		{91FC5AAE-754C-4D38-AE63-5204C75E5B0A}.Release|Any CPU.ActiveCfg = Release|Any CPU
		{91FC5AAE-754C-4D38-AE63-5204C75E5B0A}.Release|Any CPU.Build.0 = Release|Any CPU
	EndGlobalSection
	GlobalSection(SolutionProperties) = preSolution
		HideSolutionNode = FALSE
	EndGlobalSection
	GlobalSection(ExtensibilityGlobals) = postSolution
		SolutionGuid = {7F413388-8C9A-4999-9432-4D0BC6CB6817}
	EndGlobalSection
EndGlobal
